{
  "name": "kept-spike-o1-sentry-core",
  "lockfileVersion": 3,
  "requires": true,
  "packages": {
    "": {
      "name": "kept-spike-o1-sentry-core",
      "dependencies": {
        "@sentry/core": "11.4.0"
      }
    },
    "node_modules/@sentry/conventions": {
      "version": "0.25.0",
      "resolved": "https://registry.npmjs.org/@sentry/conventions/-/conventions-0.25.0.tgz",
      "integrity": "sha512-7SouCAX3qx+AzLsxb6gbl3dKVWNhp2wFjdYQ/T90sGwqPPQUoZVA9YwsWwvx07hqcCiSqFW9mUAzyUftASnuhQ==",
      "license": "MIT",
      "engines": {
        "node": ">=14"
      }
    },
    "node_modules/@sentry/core": {
      "version": "11.4.0",
      "resolved": "https://registry.npmjs.org/@sentry/core/-/core-11.4.0.tgz",
      "integrity": "sha512-kAhK8XVJuzu1IKx9uSu04OISxTU9BcIyDVOWbY/ATUCYr5Z6L7GRBtOGOlYCbxEuPtdZCw5TrbphnBsyO9fuTA==",
      "license": "MIT",
      "dependencies": {
        "@sentry/conventions": "^0.25.0"
      },
      "engines": {
        "node": ">=20.19.0 <22.0.0 || >=22.12.0 <23.0.0 || >=23.2.0"
      }
    }
  }
}
